PODS:
  - Masonry (1.1.0)
  - MJExtension (3.0.15.1)
  - ReactiveObjC (3.1.0)

DEPENDENCIES:
  - Masonry
  - MJExtension
  - ReactiveObjC (= 3.1.0)

SPEC REPOS:
  https://github.com/cocoapods/specs.git:
    - Masonry
    - MJExtension
    - ReactiveObjC

SPEC CHECKSUMS:
  Masonry: 678fab65091a9290e40e2832a55e7ab731aad201
  MJExtension: 19bc33ce2eee2d319760f5622562cf581a6ff756
  ReactiveObjC: 2a38ea15335de4119d8b17caf1db1484f61db902

PODFILE CHECKSUM: d38a4b78ad09a095087202833571c5ef41552a4b

COCOAPODS: 1.6.1
